
Microsoft Visual Studio Solution File, Format Version 12.00
# Visual Studio Version 17
VisualStudioVersion = 17.8.34511.84
MinimumVisualStudioVersion = 10.0.40219.1
Project("{FAE04EC0-301F-11D3-BF4B-00C04F79EFBC}") = "selenium", "selenium.csproj", "{30E0D0BE-D8AE-4358-8E80-1A6998CB8186}"
EndProject
Project("{FAE04EC0-301F-11D3-BF4B-00C04F79EFBC}") = "RWExcel", "..\RWExcel\RWExcel.csproj", "{5A82232D-3384-423C-9997-4D8D5ECBE891}"
EndProject
Global
	GlobalSection(SolutionConfigurationPlatforms) = preSolution
		Debug|Any CPU = Debug|Any CPU
		Release|Any CPU = Release|Any CPU
	EndGlobalSection
	GlobalSection(ProjectConfigurationPlatforms) = postSolution
		{30E0D0BE-D8AE-4358-8E80-1A6998CB8186}.Debug|Any CPU.ActiveCfg = Debug|Any CPU
		{30E0D0BE-D8AE-4358-8E80-1A6998CB8186}.Debug|Any CPU.Build.0 = Debug|Any CPU
		{30E0D0BE-D8AE-4358-8E80-1A6998CB8186}.Release|Any CPU.ActiveCfg = Release|Any CPU
		{30E0D0BE-D8AE-4358-8E80-1A6998CB8186}.Release|Any CPU.Build.0 = Release|Any CPU
		{5A82232D-3384-423C-9997-4D8D5ECBE891}.Debug|Any CPU.ActiveCfg = Debug|Any CPU
		{5A82232D-3384-423C-9997-4D8D5ECBE891}.Debug|Any CPU.Build.0 = Debug|Any CPU
		{5A82232D-3384-423C-9997-4D8D5ECBE891}.Release|Any CPU.ActiveCfg = Release|Any CPU
		{5A82232D-3384-423C-9997-4D8D5ECBE891}.Release|Any CPU.Build.0 = Release|Any CPU
	EndGlobalSection
	GlobalSection(SolutionProperties) = preSolution
		HideSolutionNode = FALSE
	EndGlobalSection
	GlobalSection(ExtensibilityGlobals) = postSolution
		SolutionGuid = {52E9AE7A-0D7C-4865-B663-8179B7103765}
	EndGlobalSection
EndGlobal
